
Microsoft Visual Studio Solution File, Format Version 12.00
# Visual Studio Version 17
VisualStudioVersion = 17.5.002.0
MinimumVisualStudioVersion = 10.0.40219.1
Project("{9A19103F-16F7-4668-BE54-9A1E7A4F7556}") = "dotnetmvc", "dotnetmvc.csproj", "{D27343B8-ACC3-4753-A2B8-803BF5A985B2}"
EndProject
Global
	GlobalSection(SolutionConfigurationPlatforms) = preSolution
		Debug|Any CPU = Debug|Any CPU
		Release|Any CPU = Release|Any CPU
	EndGlobalSection
	GlobalSection(ProjectConfigurationPlatforms) = postSolution
		{D27343B8-ACC3-4753-A2B8-803BF5A985B2}.Debug|Any CPU.ActiveCfg = Debug|Any CPU
		{D27343B8-ACC3-4753-A2B8-803BF5A985B2}.Debug|Any CPU.Build.0 = Debug|Any CPU
		{D27343B8-ACC3-4753-A2B8-803BF5A985B2}.Release|Any CPU.ActiveCfg = Release|Any CPU
		{D27343B8-ACC3-4753-A2B8-803BF5A985B2}.Release|Any CPU.Build.0 = Release|Any CPU
	EndGlobalSection
	GlobalSection(SolutionProperties) = preSolution
		HideSolutionNode = FALSE
	EndGlobalSection
	GlobalSection(ExtensibilityGlobals) = postSolution
		SolutionGuid = {E6A50B0E-C45A-4F9B-8471-CDA5F6906AAA}
	EndGlobalSection
EndGlobal
